// !$*UTF8*$!
{
	archiveVersion = 1;
	classes = {
	};
	objectVersion = 46;
	objects = {

/* Begin PBXBuildFile section */
		3F1281AC18C4D4420015EEF3 /* RPNCalculation.c in Sources */ = {isa = PBXBuildFile; fileRef = 3F1281AB18C4D4420015EEF3 /* RPNCalculation.c */; };
		3F1B70AF18A4A511004AE4C9 /* main.c in Sources */ = {isa = PBXBuildFile; fileRef = 3F1B70AE18A4A511004AE4C9 /* main.c */; };
		3F1B70B118A4A511004AE4C9 /* Calc.1 in CopyFiles */ = {isa = PBXBuildFile; fileRef = 3F1B70B018A4A511004AE4C9 /* Calc.1 */; };
		3F1B70B818A4BA84004AE4C9 /* ParseFunctions.c in Sources */ = {isa = PBXBuildFile; fileRef = 3F1B70B718A4BA84004AE4C9 /* ParseFunctions.c */; };
		3F1B70D418A4C471004AE4C9 /* ConstsEnums.c in Sources */ = {isa = PBXBuildFile; fileRef = 3F1B70D318A4C471004AE4C9 /* ConstsEnums.c */; };
		3F1B70D618A50D38004AE4C9 /* OperationStack.c in Sources */ = {isa = PBXBuildFile; fileRef = 3F1B70D518A50D38004AE4C9 /* OperationStack.c */; };
/* End PBXBuildFile section */

/* Begin PBXCopyFilesBuildPhase section */
		3F1B70A918A4A510004AE4C9 /* CopyFiles */ = {
			isa = PBXCopyFilesBuildPhase;
			buildActionMask = 2147483647;
			dstPath = /usr/share/man/man1/;
			dstSubfolderSpec = 0;
			files = (
				3F1B70B118A4A511004AE4C9 /* Calc.1 in CopyFiles */,
			);
			runOnlyForDeploymentPostprocessing = 1;
		};
/* End PBXCopyFilesBuildPhase section */

/* Begin PBXFileReference section */
		3F1281AA18C4D43C0015EEF3 /* RPNCalculation.h */ = {isa = PBXFileReference; lastKnownFileType = sourcecode.c.h; path = RPNCalculation.h; sourceTree = "<group>"; };
		3F1281AB18C4D4420015EEF3 /* RPNCalculation.c */ = {isa = PBXFileReference; fileEncoding = 4; lastKnownFileType = sourcecode.c.c; path = RPNCalculation.c; sourceTree = "<group>"; };
		3F1B70AB18A4A510004AE4C9 /* Calc */ = {isa = PBXFileReference; explicitFileType = "compiled.mach-o.executable"; includeInIndex = 0; path = Calc; sourceTree = BUILT_PRODUCTS_DIR; };
		3F1B70AE18A4A511004AE4C9 /* main.c */ = {isa = PBXFileReference; lastKnownFileType = sourcecode.c.c; path = main.c; sourceTree = "<group>"; };
		3F1B70B018A4A511004AE4C9 /* Calc.1 */ = {isa = PBXFileReference; lastKnownFileType = text.man; path = Calc.1; sourceTree = "<group>"; };
		3F1B70B718A4BA84004AE4C9 /* ParseFunctions.c */ = {isa = PBXFileReference; fileEncoding = 4; lastKnownFileType = sourcecode.c.c; path = ParseFunctions.c; sourceTree = "<group>"; };
		3F1B70B918A4BA8A004AE4C9 /* ParseFunctions.h */ = {isa = PBXFileReference; lastKnownFileType = sourcecode.c.h; path = ParseFunctions.h; sourceTree = "<group>"; };
		3F1B70D218A4C46C004AE4C9 /* ConstsEnums.h */ = {isa = PBXFileReference; lastKnownFileType = sourcecode.c.h; path = ConstsEnums.h; sourceTree = "<group>"; };
		3F1B70D318A4C471004AE4C9 /* ConstsEnums.c */ = {isa = PBXFileReference; fileEncoding = 4; lastKnownFileType = sourcecode.c.c; path = ConstsEnums.c; sourceTree = "<group>"; };
		3F1B70D518A50D38004AE4C9 /* OperationStack.c */ = {isa = PBXFileReference; fileEncoding = 4; lastKnownFileType = sourcecode.c.c; path = OperationStack.c; sourceTree = "<group>"; };
		3F1B70D718A50D3D004AE4C9 /* OperationStack.h */ = {isa = PBXFileReference; lastKnownFileType = sourcecode.c.h; path = OperationStack.h; sourceTree = "<group>"; };
/* End PBXFileReference section */

/* Begin PBXFrameworksBuildPhase section */
		3F1B70A818A4A510004AE4C9 /* Frameworks */ = {
			isa = PBXFrameworksBuildPhase;
			buildActionMask = 2147483647;
			files = (
			);
			runOnlyForDeploymentPostprocessing = 0;
		};
/* End PBXFrameworksBuildPhase section */

/* Begin PBXGroup section */
		3F1B70A218A4A510004AE4C9 = {
			isa = PBXGroup;
			children = (
				3F1B70AD18A4A510004AE4C9 /* Calc */,
				3F1B70AC18A4A510004AE4C9 /* Products */,
			);
			sourceTree = "<group>";
		};
		3F1B70AC18A4A510004AE4C9 /* Products */ = {
			isa = PBXGroup;
			children = (
				3F1B70AB18A4A510004AE4C9 /* Calc */,
			);
			name = Products;
			sourceTree = "<group>";
		};
		3F1B70AD18A4A510004AE4C9 /* Calc */ = {
			isa = PBXGroup;
			children = (
				3F1B70AE18A4A511004AE4C9 /* main.c */,
				3F1281AA18C4D43C0015EEF3 /* RPNCalculation.h */,
				3F1281AB18C4D4420015EEF3 /* RPNCalculation.c */,
				3F1B70B918A4BA8A004AE4C9 /* ParseFunctions.h */,
				3F1B70B718A4BA84004AE4C9 /* ParseFunctions.c */,
				3F1B70D218A4C46C004AE4C9 /* ConstsEnums.h */,
				3F1B70D318A4C471004AE4C9 /* ConstsEnums.c */,
				3F1B70D718A50D3D004AE4C9 /* OperationStack.h */,
				3F1B70D518A50D38004AE4C9 /* OperationStack.c */,
				3F1B70B018A4A511004AE4C9 /* Calc.1 */,
			);
			path = Calc;
			sourceTree = "<group>";
		};
/* End PBXGroup section */

/* Begin PBXNativeTarget section */
		3F1B70AA18A4A510004AE4C9 /* Calc */ = {
			isa = PBXNativeTarget;
			buildConfigurationList = 3F1B70B418A4A511004AE4C9 /* Build configuration list for PBXNativeTarget "Calc" */;
			buildPhases = (
				3F1B70A718A4A510004AE4C9 /* Sources */,
				3F1B70A818A4A510004AE4C9 /* Frameworks */,
				3F1B70A918A4A510004AE4C9 /* CopyFiles */,
			);
			buildRules = (
			);
			dependencies = (
			);
			name = Calc;
			productName = Calc;
			productReference = 3F1B70AB18A4A510004AE4C9 /* Calc */;
			productType = "com.apple.product-type.tool";
		};
/* End PBXNativeTarget section */

/* Begin PBXProject section */
		3F1B70A318A4A510004AE4C9 /* Project object */ = {
			isa = PBXProject;
			attributes = {
				LastUpgradeCheck = 0500;
				ORGANIZATIONNAME = "Maria Saveleva";
			};
			buildConfigurationList = 3F1B70A618A4A510004AE4C9 /* Build configuration list for PBXProject "Calc" */;
			compatibilityVersion = "Xcode 3.2";
			developmentRegion = English;
			hasScannedForEncodings = 0;
			knownRegions = (
				en,
			);
			mainGroup = 3F1B70A218A4A510004AE4C9;
			productRefGroup = 3F1B70AC18A4A510004AE4C9 /* Products */;
			projectDirPath = "";
			projectRoot = "";
			targets = (
				3F1B70AA18A4A510004AE4C9 /* Calc */,
			);
		};
/* End PBXProject section */

/* Begin PBXSourcesBuildPhase section */
		3F1B70A718A4A510004AE4C9 /* Sources */ = {
			isa = PBXSourcesBuildPhase;
			buildActionMask = 2147483647;
			files = (
				3F1B70D618A50D38004AE4C9 /* OperationStack.c in Sources */,
				3F1281AC18C4D4420015EEF3 /* RPNCalculation.c in Sources */,
				3F1B70AF18A4A511004AE4C9 /* main.c in Sources */,
				3F1B70D418A4C471004AE4C9 /* ConstsEnums.c in Sources */,
				3F1B70B818A4BA84004AE4C9 /* ParseFunctions.c in Sources */,
			);
			runOnlyForDeploymentPostprocessing = 0;
		};
/* End PBXSourcesBuildPhase section */

/* Begin XCBuildConfiguration section */
		3F1B70B218A4A511004AE4C9 /* Debug */ = {
			isa = XCBuildConfiguration;
			buildSettings = {
				ALWAYS_SEARCH_USER_PATHS = NO;
				CLANG_CXX_LANGUAGE_STANDARD = "gnu++0x";
				CLANG_CXX_LIBRARY = "libc++";
				CLANG_ENABLE_OBJC_ARC = YES;
				CLANG_WARN_BOOL_CONVERSION = YES;
				CLANG_WARN_CONSTANT_CONVERSION = YES;
				CLANG_WARN_DIRECT_OBJC_ISA_USAGE = YES_ERROR;
				CLANG_WARN_EMPTY_BODY = YES;
				CLANG_WARN_ENUM_CONVERSION = YES;
				CLANG_WARN_INT_CONVERSION = YES;
				CLANG_WARN_OBJC_ROOT_CLASS = YES_ERROR;
				CLANG_WARN__DUPLICATE_METHOD_MATCH = YES;
				COPY_PHASE_STRIP = NO;
				GCC_C_LANGUAGE_STANDARD = gnu99;
				GCC_DYNAMIC_NO_PIC = NO;
				GCC_ENABLE_OBJC_EXCEPTIONS = YES;
				GCC_OPTIMIZATION_LEVEL = 0;
				GCC_PREPROCESSOR_DEFINITIONS = (
					"DEBUG=1",
					"$(inherited)",
				);
				GCC_SYMBOLS_PRIVATE_EXTERN = NO;
				GCC_WARN_64_TO_32_BIT_CONVERSION = YES;
				GCC_WARN_ABOUT_RETURN_TYPE = YES_ERROR;
				GCC_WARN_UNDECLARED_SELECTOR = YES;
				GCC_WARN_UNINITIALIZED_AUTOS = YES;
				GCC_WARN_UNUSED_FUNCTION = YES;
				GCC_WARN_UNUSED_VARIABLE = YES;
				MACOSX_DEPLOYMENT_TARGET = 10.9;
				ONLY_ACTIVE_ARCH = YES;
				SDKROOT = macosx;
			};
			name = Debug;
		};
		3F1B70B318A4A511004AE4C9 /* Release */ = {
			isa = XCBuildConfiguration;
			buildSettings = {
				ALWAYS_SEARCH_USER_PATHS = NO;
				CLANG_CXX_LANGUAGE_STANDARD = "gnu++0x";
				CLANG_CXX_LIBRARY = "libc++";
				CLANG_ENABLE_OBJC_ARC = YES;
				CLANG_WARN_BOOL_CONVERSION = YES;
				CLANG_WARN_CONSTANT_CONVERSION = YES;
				CLANG_WARN_DIRECT_OBJC_ISA_USAGE = YES_ERROR;
				CLANG_WARN_EMPTY_BODY = YES;
				CLANG_WARN_ENUM_CONVERSION = YES;
				CLANG_WARN_INT_CONVERSION = YES;
				CLANG_WARN_OBJC_ROOT_CLASS = YES_ERROR;
				CLANG_WARN__DUPLICATE_METHOD_MATCH = YES;
				COPY_PHASE_STRIP = YES;
				DEBUG_INFORMATION_FORMAT = "dwarf-with-dsym";
				ENABLE_NS_ASSERTIONS = NO;
				GCC_C_LANGUAGE_STANDARD = gnu99;
				GCC_ENABLE_OBJC_EXCEPTIONS = YES;
				GCC_WARN_64_TO_32_BIT_CONVERSION = YES;
				GCC_WARN_ABOUT_RETURN_TYPE = YES_ERROR;
				GCC_WARN_UNDECLARED_SELECTOR = YES;
				GCC_WARN_UNINITIALIZED_AUTOS = YES;
				GCC_WARN_UNUSED_FUNCTION = YES;
				GCC_WARN_UNUSED_VARIABLE = YES;
				MACOSX_DEPLOYMENT_TARGET = 10.9;
				SDKROOT = macosx;
			};
			name = Release;
		};
		3F1B70B518A4A511004AE4C9 /* Debug */ = {
			isa = XCBuildConfiguration;
			buildSettings = {
				PRODUCT_NAME = "$(TARGET_NAME)";
			};
			name = Debug;
		};
		3F1B70B618A4A511004AE4C9 /* Release */ = {
			isa = XCBuildConfiguration;
			buildSettings = {
				PRODUCT_NAME = "$(TARGET_NAME)";
			};
			name = Release;
		};
/* End XCBuildConfiguration section */

/* Begin XCConfigurationList section */
		3F1B70A618A4A510004AE4C9 /* Build configuration list for PBXProject "Calc" */ = {
			isa = XCConfigurationList;
			buildConfigurations = (
				3F1B70B218A4A511004AE4C9 /* Debug */,
				3F1B70B318A4A511004AE4C9 /* Release */,
			);
			defaultConfigurationIsVisible = 0;
			defaultConfigurationName = Release;
		};
		3F1B70B418A4A511004AE4C9 /* Build configuration list for PBXNativeTarget "Calc" */ = {
			isa = XCConfigurationList;
			buildConfigurations = (
				3F1B70B518A4A511004AE4C9 /* Debug */,
				3F1B70B618A4A511004AE4C9 /* Release */,
			);
			defaultConfigurationIsVisible = 0;
			defaultConfigurationName = Release;
		};
/* End XCConfigurationList section */
	};
	rootObject = 3F1B70A318A4A510004AE4C9 /* Project object */;
}
